
Microsoft Visual Studio Solution File, Format Version 12.00
# Visual Studio Version 16
VisualStudioVersion = 16.0.30330.147
MinimumVisualStudioVersion = 10.0.40219.1
Project("{FAE04EC0-301F-11D3-BF4B-00C04F79EFBC}") = "AnimalClasses", "AnimalClasses\AnimalClasses.csproj", "{C9D6D199-82C4-46FF-9004-25F02B7842CA}"
EndProject
Global
	GlobalSection(SolutionConfigurationPlatforms) = preSolution
		Debug|Any CPU = Debug|Any CPU
		Release|Any CPU = Release|Any CPU
	EndGlobalSection
	GlobalSection(ProjectConfigurationPlatforms) = postSolution
		{C9D6D199-82C4-46FF-9004-25F02B7842CA}.Debug|Any CPU.ActiveCfg = Debug|Any CPU
		{C9D6D199-82C4-46FF-9004-25F02B7842CA}.Debug|Any CPU.Build.0 = Debug|Any CPU
		{C9D6D199-82C4-46FF-9004-25F02B7842CA}.Release|Any CPU.ActiveCfg = Release|Any CPU
		{C9D6D199-82C4-46FF-9004-25F02B7842CA}.Release|Any CPU.Build.0 = Release|Any CPU
	EndGlobalSection
	GlobalSection(SolutionProperties) = preSolution
		HideSolutionNode = FALSE
	EndGlobalSection
	GlobalSection(ExtensibilityGlobals) = postSolution
		SolutionGuid = {4BF85676-CAB0-4E3E-AA7E-6AA7766DF611}
	EndGlobalSection
EndGlobal
